// !$*UTF8*$!
{
	archiveVersion = 1;
	classes = {
	};
	objectVersion = 56;
	objects = {

/* Begin PBXBuildFile section */
		C05CB0312BB06EC700A97166 /* AppDelegate.swift in Sources */ = {isa = PBXBuildFile; fileRef = C05CB0302BB06EC700A97166 /* AppDelegate.swift */; };
		C05CB0332BB06EC700A97166 /* SceneDelegate.swift in Sources */ = {isa = PBXBuildFile; fileRef = C05CB0322BB06EC700A97166 /* SceneDelegate.swift */; };
		C05CB0352BB06EC700A97166 /* MainViewController.swift in Sources */ = {isa = PBXBuildFile; fileRef = C05CB0342BB06EC700A97166 /* MainViewController.swift */; };
		C05CB03A2BB06EC800A97166 /* Assets.xcassets in Resources */ = {isa = PBXBuildFile; fileRef = C05CB0392BB06EC800A97166 /* Assets.xcassets */; };
		C05CB03D2BB06EC800A97166 /* LaunchScreen.storyboard in Resources */ = {isa = PBXBuildFile; fileRef = C05CB03B2BB06EC800A97166 /* LaunchScreen.storyboard */; };
		C05CB0482BB0727B00A97166 /* CoordinatorProtocol.swift in Sources */ = {isa = PBXBuildFile; fileRef = C05CB0472BB0727B00A97166 /* CoordinatorProtocol.swift */; };
		C05CB04E2BB0766800A97166 /* AppCoordinator.swift in Sources */ = {isa = PBXBuildFile; fileRef = C05CB04D2BB0766800A97166 /* AppCoordinator.swift */; };
		C05CB0502BB0783600A97166 /* AuthorizedFlowCoordinator.swift in Sources */ = {isa = PBXBuildFile; fileRef = C05CB04F2BB0783600A97166 /* AuthorizedFlowCoordinator.swift */; };
		C05CB0522BB0813000A97166 /* LaunchService.swift in Sources */ = {isa = PBXBuildFile; fileRef = C05CB0512BB0813000A97166 /* LaunchService.swift */; };
		C05CB0572BB5DD8600A97166 /* OnboardingCoordinator.swift in Sources */ = {isa = PBXBuildFile; fileRef = C05CB0562BB5DD8600A97166 /* OnboardingCoordinator.swift */; };
		C0674D3C2BC59C8700E868F4 /* MainCoordinator.swift in Sources */ = {isa = PBXBuildFile; fileRef = C0674D3B2BC59C8700E868F4 /* MainCoordinator.swift */; };
		C0674D3E2BC5AEDC00E868F4 /* MainViewModel.swift in Sources */ = {isa = PBXBuildFile; fileRef = C0674D3D2BC5AEDC00E868F4 /* MainViewModel.swift */; };
		C06F51372BC712DB00E81DA8 /* RegistrationViewModel.swift in Sources */ = {isa = PBXBuildFile; fileRef = C06F51362BC712DB00E81DA8 /* RegistrationViewModel.swift */; };
		C06F515D2BD18D7000E81DA8 /* MainCollectionViewCell.swift in Sources */ = {isa = PBXBuildFile; fileRef = C06F515C2BD18D7000E81DA8 /* MainCollectionViewCell.swift */; };
		C06F515F2BD5485B00E81DA8 /* CartCoordinator.swift in Sources */ = {isa = PBXBuildFile; fileRef = C06F515E2BD5485B00E81DA8 /* CartCoordinator.swift */; };
		C06F51612BD5488000E81DA8 /* CartViewController.swift in Sources */ = {isa = PBXBuildFile; fileRef = C06F51602BD5488000E81DA8 /* CartViewController.swift */; };
		C06F51632BD5501700E81DA8 /* CartViewModel.swift in Sources */ = {isa = PBXBuildFile; fileRef = C06F51622BD5501700E81DA8 /* CartViewModel.swift */; };
		C06F51652BD5508000E81DA8 /* CartProductCell.swift in Sources */ = {isa = PBXBuildFile; fileRef = C06F51642BD5508000E81DA8 /* CartProductCell.swift */; };
		C09C4E192BB7D90B002C7EEB /* OnboradingViewController.swift in Sources */ = {isa = PBXBuildFile; fileRef = C09C4E182BB7D90B002C7EEB /* OnboradingViewController.swift */; };
		C09C4E202BB7DF91002C7EEB /* DependencyService.swift in Sources */ = {isa = PBXBuildFile; fileRef = C09C4E1F2BB7DF91002C7EEB /* DependencyService.swift */; };
		C09C4E242BB7E65F002C7EEB /* SnapKit in Frameworks */ = {isa = PBXBuildFile; productRef = C09C4E232BB7E65F002C7EEB /* SnapKit */; };
		C09C4E262BB81D6F002C7EEB /* OnboardingViewModel.swift in Sources */ = {isa = PBXBuildFile; fileRef = C09C4E252BB81D6F002C7EEB /* OnboardingViewModel.swift */; };
		C09C4E292BB9B9CE002C7EEB /* RegistrationCoordinator.swift in Sources */ = {isa = PBXBuildFile; fileRef = C09C4E282BB9B9CE002C7EEB /* RegistrationCoordinator.swift */; };
		C09C4E2D2BB9BA76002C7EEB /* RegistraionViewController.swift in Sources */ = {isa = PBXBuildFile; fileRef = C09C4E2C2BB9BA76002C7EEB /* RegistraionViewController.swift */; };
/* End PBXBuildFile section */

/* Begin PBXFileReference section */
		C05CB02D2BB06EC700A97166 /* MocApp.app */ = {isa = PBXFileReference; explicitFileType = wrapper.application; includeInIndex = 0; path = MocApp.app; sourceTree = BUILT_PRODUCTS_DIR; };
		C05CB0302BB06EC700A97166 /* AppDelegate.swift */ = {isa = PBXFileReference; lastKnownFileType = sourcecode.swift; path = AppDelegate.swift; sourceTree = "<group>"; };
		C05CB0322BB06EC700A97166 /* SceneDelegate.swift */ = {isa = PBXFileReference; lastKnownFileType = sourcecode.swift; path = SceneDelegate.swift; sourceTree = "<group>"; };
		C05CB0342BB06EC700A97166 /* MainViewController.swift */ = {isa = PBXFileReference; lastKnownFileType = sourcecode.swift; path = MainViewController.swift; sourceTree = "<group>"; };
		C05CB0392BB06EC800A97166 /* Assets.xcassets */ = {isa = PBXFileReference; lastKnownFileType = folder.assetcatalog; path = Assets.xcassets; sourceTree = "<group>"; };
		C05CB03C2BB06EC800A97166 /* Base */ = {isa = PBXFileReference; lastKnownFileType = file.storyboard; name = Base; path = Base.lproj/LaunchScreen.storyboard; sourceTree = "<group>"; };
		C05CB03E2BB06EC800A97166 /* Info.plist */ = {isa = PBXFileReference; lastKnownFileType = text.plist.xml; path = Info.plist; sourceTree = "<group>"; };
		C05CB0472BB0727B00A97166 /* CoordinatorProtocol.swift */ = {isa = PBXFileReference; lastKnownFileType = sourcecode.swift; path = CoordinatorProtocol.swift; sourceTree = "<group>"; };
		C05CB04D2BB0766800A97166 /* AppCoordinator.swift */ = {isa = PBXFileReference; lastKnownFileType = sourcecode.swift; path = AppCoordinator.swift; sourceTree = "<group>"; };
		C05CB04F2BB0783600A97166 /* AuthorizedFlowCoordinator.swift */ = {isa = PBXFileReference; lastKnownFileType = sourcecode.swift; path = AuthorizedFlowCoordinator.swift; sourceTree = "<group>"; };
		C05CB0512BB0813000A97166 /* LaunchService.swift */ = {isa = PBXFileReference; lastKnownFileType = sourcecode.swift; path = LaunchService.swift; sourceTree = "<group>"; };
		C05CB0562BB5DD8600A97166 /* OnboardingCoordinator.swift */ = {isa = PBXFileReference; lastKnownFileType = sourcecode.swift; path = OnboardingCoordinator.swift; sourceTree = "<group>"; };
		C0674D3B2BC59C8700E868F4 /* MainCoordinator.swift */ = {isa = PBXFileReference; lastKnownFileType = sourcecode.swift; path = MainCoordinator.swift; sourceTree = "<group>"; };
		C0674D3D2BC5AEDC00E868F4 /* MainViewModel.swift */ = {isa = PBXFileReference; lastKnownFileType = sourcecode.swift; path = MainViewModel.swift; sourceTree = "<group>"; };
		C06F51362BC712DB00E81DA8 /* RegistrationViewModel.swift */ = {isa = PBXFileReference; lastKnownFileType = sourcecode.swift; path = RegistrationViewModel.swift; sourceTree = "<group>"; };
		C06F515C2BD18D7000E81DA8 /* MainCollectionViewCell.swift */ = {isa = PBXFileReference; lastKnownFileType = sourcecode.swift; path = MainCollectionViewCell.swift; sourceTree = "<group>"; };
		C06F515E2BD5485B00E81DA8 /* CartCoordinator.swift */ = {isa = PBXFileReference; lastKnownFileType = sourcecode.swift; path = CartCoordinator.swift; sourceTree = "<group>"; };
		C06F51602BD5488000E81DA8 /* CartViewController.swift */ = {isa = PBXFileReference; lastKnownFileType = sourcecode.swift; path = CartViewController.swift; sourceTree = "<group>"; };
		C06F51622BD5501700E81DA8 /* CartViewModel.swift */ = {isa = PBXFileReference; lastKnownFileType = sourcecode.swift; path = CartViewModel.swift; sourceTree = "<group>"; };
		C06F51642BD5508000E81DA8 /* CartProductCell.swift */ = {isa = PBXFileReference; lastKnownFileType = sourcecode.swift; path = CartProductCell.swift; sourceTree = "<group>"; };
		C09C4E182BB7D90B002C7EEB /* OnboradingViewController.swift */ = {isa = PBXFileReference; lastKnownFileType = sourcecode.swift; path = OnboradingViewController.swift; sourceTree = "<group>"; };
		C09C4E1F2BB7DF91002C7EEB /* DependencyService.swift */ = {isa = PBXFileReference; lastKnownFileType = sourcecode.swift; path = DependencyService.swift; sourceTree = "<group>"; };
		C09C4E252BB81D6F002C7EEB /* OnboardingViewModel.swift */ = {isa = PBXFileReference; lastKnownFileType = sourcecode.swift; path = OnboardingViewModel.swift; sourceTree = "<group>"; };
		C09C4E282BB9B9CE002C7EEB /* RegistrationCoordinator.swift */ = {isa = PBXFileReference; lastKnownFileType = sourcecode.swift; path = RegistrationCoordinator.swift; sourceTree = "<group>"; };
		C09C4E2C2BB9BA76002C7EEB /* RegistraionViewController.swift */ = {isa = PBXFileReference; lastKnownFileType = sourcecode.swift; path = RegistraionViewController.swift; sourceTree = "<group>"; };
/* End PBXFileReference section */

/* Begin PBXFrameworksBuildPhase section */
		C05CB02A2BB06EC700A97166 /* Frameworks */ = {
			isa = PBXFrameworksBuildPhase;
			buildActionMask = 2147483647;
			files = (
				C09C4E242BB7E65F002C7EEB /* SnapKit in Frameworks */,
			);
			runOnlyForDeploymentPostprocessing = 0;
		};
/* End PBXFrameworksBuildPhase section */

/* Begin PBXGroup section */
		C05CB0242BB06EC700A97166 = {
			isa = PBXGroup;
			children = (
				C05CB02F2BB06EC700A97166 /* MocApp */,
				C05CB02E2BB06EC700A97166 /* Products */,
			);
			sourceTree = "<group>";
		};
		C05CB02E2BB06EC700A97166 /* Products */ = {
			isa = PBXGroup;
			children = (
				C05CB02D2BB06EC700A97166 /* MocApp.app */,
			);
			name = Products;
			sourceTree = "<group>";
		};
		C05CB02F2BB06EC700A97166 /* MocApp */ = {
			isa = PBXGroup;
			children = (
				C05CB0442BB0700500A97166 /* App */,
				C05CB0462BB0726500A97166 /* Coordinators */,
				C05CB0492BB072CB00A97166 /* Services */,
				C05CB04A2BB072E000A97166 /* Modules */,
				C05CB0452BB0708600A97166 /* Resources */,
			);
			path = MocApp;
			sourceTree = "<group>";
		};
		C05CB0442BB0700500A97166 /* App */ = {
			isa = PBXGroup;
			children = (
				C05CB0302BB06EC700A97166 /* AppDelegate.swift */,
				C05CB0322BB06EC700A97166 /* SceneDelegate.swift */,
			);
			path = App;
			sourceTree = "<group>";
		};
		C05CB0452BB0708600A97166 /* Resources */ = {
			isa = PBXGroup;
			children = (
				C05CB0392BB06EC800A97166 /* Assets.xcassets */,
				C05CB03E2BB06EC800A97166 /* Info.plist */,
				C05CB03B2BB06EC800A97166 /* LaunchScreen.storyboard */,
			);
			path = Resources;
			sourceTree = "<group>";
		};
		C05CB0462BB0726500A97166 /* Coordinators */ = {
			isa = PBXGroup;
			children = (
				C05CB0532BB5DCBC00A97166 /* App */,
				C05CB0542BB5DCD600A97166 /* AuthorizedFlowCoordinator */,
			);
			path = Coordinators;
			sourceTree = "<group>";
		};
		C05CB0492BB072CB00A97166 /* Services */ = {
			isa = PBXGroup;
			children = (
				C05CB0512BB0813000A97166 /* LaunchService.swift */,
				C09C4E1F2BB7DF91002C7EEB /* DependencyService.swift */,
			);
			path = Services;
			sourceTree = "<group>";
		};
		C05CB04A2BB072E000A97166 /* Modules */ = {
			isa = PBXGroup;
			children = (
				C09C4E272BB9B9BB002C7EEB /* Registration */,
				C05CB04C2BB0730C00A97166 /* OnBoarding */,
				C09C4E1A2BB7DC0E002C7EEB /* Main */,
				C09C4E1C2BB7DC19002C7EEB /* Favourite */,
				C09C4E1B2BB7DC14002C7EEB /* Cart */,
			);
			path = Modules;
			sourceTree = "<group>";
		};
		C05CB04C2BB0730C00A97166 /* OnBoarding */ = {
			isa = PBXGroup;
			children = (
				C05CB0562BB5DD8600A97166 /* OnboardingCoordinator.swift */,
				C09C4E252BB81D6F002C7EEB /* OnboardingViewModel.swift */,
				C09C4E182BB7D90B002C7EEB /* OnboradingViewController.swift */,
			);
			path = OnBoarding;
			sourceTree = "<group>";
		};
		C05CB0532BB5DCBC00A97166 /* App */ = {
			isa = PBXGroup;
			children = (
				C05CB0472BB0727B00A97166 /* CoordinatorProtocol.swift */,
				C05CB04D2BB0766800A97166 /* AppCoordinator.swift */,
			);
			path = App;
			sourceTree = "<group>";
		};
		C05CB0542BB5DCD600A97166 /* AuthorizedFlowCoordinator */ = {
			isa = PBXGroup;
			children = (
				C05CB04F2BB0783600A97166 /* AuthorizedFlowCoordinator.swift */,
			);
			path = AuthorizedFlowCoordinator;
			sourceTree = "<group>";
		};
		C09C4E1A2BB7DC0E002C7EEB /* Main */ = {
			isa = PBXGroup;
			children = (
				C05CB0342BB06EC700A97166 /* MainViewController.swift */,
				C06F515C2BD18D7000E81DA8 /* MainCollectionViewCell.swift */,
				C0674D3B2BC59C8700E868F4 /* MainCoordinator.swift */,
				C0674D3D2BC5AEDC00E868F4 /* MainViewModel.swift */,
			);
			path = Main;
			sourceTree = "<group>";
		};
		C09C4E1B2BB7DC14002C7EEB /* Cart */ = {
			isa = PBXGroup;
			children = (
				C06F515E2BD5485B00E81DA8 /* CartCoordinator.swift */,
				C06F51602BD5488000E81DA8 /* CartViewController.swift */,
				C06F51622BD5501700E81DA8 /* CartViewModel.swift */,
				C06F51642BD5508000E81DA8 /* CartProductCell.swift */,
			);
			path = Cart;
			sourceTree = "<group>";
		};
		C09C4E1C2BB7DC19002C7EEB /* Favourite */ = {
			isa = PBXGroup;
			children = (
			);
			path = Favourite;
			sourceTree = "<group>";
		};
		C09C4E272BB9B9BB002C7EEB /* Registration */ = {
			isa = PBXGroup;
			children = (
				C09C4E282BB9B9CE002C7EEB /* RegistrationCoordinator.swift */,
				C06F51362BC712DB00E81DA8 /* RegistrationViewModel.swift */,
				C09C4E2C2BB9BA76002C7EEB /* RegistraionViewController.swift */,
			);
			path = Registration;
			sourceTree = "<group>";
		};
/* End PBXGroup section */

/* Begin PBXNativeTarget section */
		C05CB02C2BB06EC700A97166 /* MocApp */ = {
			isa = PBXNativeTarget;
			buildConfigurationList = C05CB0412BB06EC800A97166 /* Build configuration list for PBXNativeTarget "MocApp" */;
			buildPhases = (
				C05CB0292BB06EC700A97166 /* Sources */,
				C05CB02A2BB06EC700A97166 /* Frameworks */,
				C05CB02B2BB06EC700A97166 /* Resources */,
			);
			buildRules = (
			);
			dependencies = (
			);
			name = MocApp;
			packageProductDependencies = (
				C09C4E232BB7E65F002C7EEB /* SnapKit */,
			);
			productName = MocApp;
			productReference = C05CB02D2BB06EC700A97166 /* MocApp.app */;
			productType = "com.apple.product-type.application";
		};
/* End PBXNativeTarget section */

/* Begin PBXProject section */
		C05CB0252BB06EC700A97166 /* Project object */ = {
			isa = PBXProject;
			attributes = {
				BuildIndependentTargetsInParallel = 1;
				LastSwiftUpdateCheck = 1420;
				LastUpgradeCheck = 1420;
				TargetAttributes = {
					C05CB02C2BB06EC700A97166 = {
						CreatedOnToolsVersion = 14.2;
					};
				};
			};
			buildConfigurationList = C05CB0282BB06EC700A97166 /* Build configuration list for PBXProject "MocApp" */;
			compatibilityVersion = "Xcode 14.0";
			developmentRegion = en;
			hasScannedForEncodings = 0;
			knownRegions = (
				en,
				Base,
			);
			mainGroup = C05CB0242BB06EC700A97166;
			packageReferences = (
				C09C4E222BB7E65F002C7EEB /* XCRemoteSwiftPackageReference "SnapKit" */,
			);
			productRefGroup = C05CB02E2BB06EC700A97166 /* Products */;
			projectDirPath = "";
			projectRoot = "";
			targets = (
				C05CB02C2BB06EC700A97166 /* MocApp */,
			);
		};
/* End PBXProject section */

/* Begin PBXResourcesBuildPhase section */
		C05CB02B2BB06EC700A97166 /* Resources */ = {
			isa = PBXResourcesBuildPhase;
			buildActionMask = 2147483647;
			files = (
				C05CB03D2BB06EC800A97166 /* LaunchScreen.storyboard in Resources */,
				C05CB03A2BB06EC800A97166 /* Assets.xcassets in Resources */,
			);
			runOnlyForDeploymentPostprocessing = 0;
		};
/* End PBXResourcesBuildPhase section */

/* Begin PBXSourcesBuildPhase section */
		C05CB0292BB06EC700A97166 /* Sources */ = {
			isa = PBXSourcesBuildPhase;
			buildActionMask = 2147483647;
			files = (
				C05CB0522BB0813000A97166 /* LaunchService.swift in Sources */,
				C0674D3C2BC59C8700E868F4 /* MainCoordinator.swift in Sources */,
				C05CB0572BB5DD8600A97166 /* OnboardingCoordinator.swift in Sources */,
				C05CB0352BB06EC700A97166 /* MainViewController.swift in Sources */,
				C09C4E192BB7D90B002C7EEB /* OnboradingViewController.swift in Sources */,
				C0674D3E2BC5AEDC00E868F4 /* MainViewModel.swift in Sources */,
				C06F515D2BD18D7000E81DA8 /* MainCollectionViewCell.swift in Sources */,
				C09C4E262BB81D6F002C7EEB /* OnboardingViewModel.swift in Sources */,
				C09C4E202BB7DF91002C7EEB /* DependencyService.swift in Sources */,
				C06F51612BD5488000E81DA8 /* CartViewController.swift in Sources */,
				C05CB0312BB06EC700A97166 /* AppDelegate.swift in Sources */,
				C09C4E2D2BB9BA76002C7EEB /* RegistraionViewController.swift in Sources */,
				C05CB0502BB0783600A97166 /* AuthorizedFlowCoordinator.swift in Sources */,
				C05CB04E2BB0766800A97166 /* AppCoordinator.swift in Sources */,
				C06F51652BD5508000E81DA8 /* CartProductCell.swift in Sources */,
				C05CB0482BB0727B00A97166 /* CoordinatorProtocol.swift in Sources */,
				C06F51372BC712DB00E81DA8 /* RegistrationViewModel.swift in Sources */,
				C06F51632BD5501700E81DA8 /* CartViewModel.swift in Sources */,
				C05CB0332BB06EC700A97166 /* SceneDelegate.swift in Sources */,
				C06F515F2BD5485B00E81DA8 /* CartCoordinator.swift in Sources */,
				C09C4E292BB9B9CE002C7EEB /* RegistrationCoordinator.swift in Sources */,
			);
			runOnlyForDeploymentPostprocessing = 0;
		};
/* End PBXSourcesBuildPhase section */

/* Begin PBXVariantGroup section */
		C05CB03B2BB06EC800A97166 /* LaunchScreen.storyboard */ = {
			isa = PBXVariantGroup;
			children = (
				C05CB03C2BB06EC800A97166 /* Base */,
			);
			name = LaunchScreen.storyboard;
			sourceTree = "<group>";
		};
/* End PBXVariantGroup section */

/* Begin XCBuildConfiguration section */
		C05CB03F2BB06EC800A97166 /* Debug */ = {
			isa = XCBuildConfiguration;
			buildSettings = {
				ALWAYS_SEARCH_USER_PATHS = NO;
				CLANG_ANALYZER_NONNULL = YES;
				CLANG_ANALYZER_NUMBER_OBJECT_CONVERSION = YES_AGGRESSIVE;
				CLANG_CXX_LANGUAGE_STANDARD = "gnu++20";
				CLANG_ENABLE_MODULES = YES;
				CLANG_ENABLE_OBJC_ARC = YES;
				CLANG_ENABLE_OBJC_WEAK = YES;
				CLANG_WARN_BLOCK_CAPTURE_AUTORELEASING = YES;
				CLANG_WARN_BOOL_CONVERSION = YES;
				CLANG_WARN_COMMA = YES;
				CLANG_WARN_CONSTANT_CONVERSION = YES;
				CLANG_WARN_DEPRECATED_OBJC_IMPLEMENTATIONS = YES;
				CLANG_WARN_DIRECT_OBJC_ISA_USAGE = YES_ERROR;
				CLANG_WARN_DOCUMENTATION_COMMENTS = YES;
				CLANG_WARN_EMPTY_BODY = YES;
				CLANG_WARN_ENUM_CONVERSION = YES;
				CLANG_WARN_INFINITE_RECURSION = YES;
				CLANG_WARN_INT_CONVERSION = YES;
				CLANG_WARN_NON_LITERAL_NULL_CONVERSION = YES;
				CLANG_WARN_OBJC_IMPLICIT_RETAIN_SELF = YES;
				CLANG_WARN_OBJC_LITERAL_CONVERSION = YES;
				CLANG_WARN_OBJC_ROOT_CLASS = YES_ERROR;
				CLANG_WARN_QUOTED_INCLUDE_IN_FRAMEWORK_HEADER = YES;
				CLANG_WARN_RANGE_LOOP_ANALYSIS = YES;
				CLANG_WARN_STRICT_PROTOTYPES = YES;
				CLANG_WARN_SUSPICIOUS_MOVE = YES;
				CLANG_WARN_UNGUARDED_AVAILABILITY = YES_AGGRESSIVE;
				CLANG_WARN_UNREACHABLE_CODE = YES;
				CLANG_WARN__DUPLICATE_METHOD_MATCH = YES;
				COPY_PHASE_STRIP = NO;
				DEBUG_INFORMATION_FORMAT = dwarf;
				ENABLE_STRICT_OBJC_MSGSEND = YES;
				ENABLE_TESTABILITY = YES;
				GCC_C_LANGUAGE_STANDARD = gnu11;
				GCC_DYNAMIC_NO_PIC = NO;
				GCC_NO_COMMON_BLOCKS = YES;
				GCC_OPTIMIZATION_LEVEL = 0;
				GCC_PREPROCESSOR_DEFINITIONS = (
					"DEBUG=1",
					"$(inherited)",
				);
				GCC_WARN_64_TO_32_BIT_CONVERSION = YES;
				GCC_WARN_ABOUT_RETURN_TYPE = YES_ERROR;
				GCC_WARN_UNDECLARED_SELECTOR = YES;
				GCC_WARN_UNINITIALIZED_AUTOS = YES_AGGRESSIVE;
				GCC_WARN_UNUSED_FUNCTION = YES;
				GCC_WARN_UNUSED_VARIABLE = YES;
				IPHONEOS_DEPLOYMENT_TARGET = 16.2;
				MTL_ENABLE_DEBUG_INFO = INCLUDE_SOURCE;
				MTL_FAST_MATH = YES;
				ONLY_ACTIVE_ARCH = YES;
				SDKROOT = iphoneos;
				SWIFT_ACTIVE_COMPILATION_CONDITIONS = DEBUG;
				SWIFT_OPTIMIZATION_LEVEL = "-Onone";
			};
			name = Debug;
		};
		C05CB0402BB06EC800A97166 /* Release */ = {
			isa = XCBuildConfiguration;
			buildSettings = {
				ALWAYS_SEARCH_USER_PATHS = NO;
				CLANG_ANALYZER_NONNULL = YES;
				CLANG_ANALYZER_NUMBER_OBJECT_CONVERSION = YES_AGGRESSIVE;
				CLANG_CXX_LANGUAGE_STANDARD = "gnu++20";
				CLANG_ENABLE_MODULES = YES;
				CLANG_ENABLE_OBJC_ARC = YES;
				CLANG_ENABLE_OBJC_WEAK = YES;
				CLANG_WARN_BLOCK_CAPTURE_AUTORELEASING = YES;
				CLANG_WARN_BOOL_CONVERSION = YES;
				CLANG_WARN_COMMA = YES;
				CLANG_WARN_CONSTANT_CONVERSION = YES;
				CLANG_WARN_DEPRECATED_OBJC_IMPLEMENTATIONS = YES;
				CLANG_WARN_DIRECT_OBJC_ISA_USAGE = YES_ERROR;
				CLANG_WARN_DOCUMENTATION_COMMENTS = YES;
				CLANG_WARN_EMPTY_BODY = YES;
				CLANG_WARN_ENUM_CONVERSION = YES;
				CLANG_WARN_INFINITE_RECURSION = YES;
				CLANG_WARN_INT_CONVERSION = YES;
				CLANG_WARN_NON_LITERAL_NULL_CONVERSION = YES;
				CLANG_WARN_OBJC_IMPLICIT_RETAIN_SELF = YES;
				CLANG_WARN_OBJC_LITERAL_CONVERSION = YES;
				CLANG_WARN_OBJC_ROOT_CLASS = YES_ERROR;
				CLANG_WARN_QUOTED_INCLUDE_IN_FRAMEWORK_HEADER = YES;
				CLANG_WARN_RANGE_LOOP_ANALYSIS = YES;
				CLANG_WARN_STRICT_PROTOTYPES = YES;
				CLANG_WARN_SUSPICIOUS_MOVE = YES;
				CLANG_WARN_UNGUARDED_AVAILABILITY = YES_AGGRESSIVE;
				CLANG_WARN_UNREACHABLE_CODE = YES;
				CLANG_WARN__DUPLICATE_METHOD_MATCH = YES;
				COPY_PHASE_STRIP = NO;
				DEBUG_INFORMATION_FORMAT = "dwarf-with-dsym";
				ENABLE_NS_ASSERTIONS = NO;
				ENABLE_STRICT_OBJC_MSGSEND = YES;
				GCC_C_LANGUAGE_STANDARD = gnu11;
				GCC_NO_COMMON_BLOCKS = YES;
				GCC_WARN_64_TO_32_BIT_CONVERSION = YES;
				GCC_WARN_ABOUT_RETURN_TYPE = YES_ERROR;
				GCC_WARN_UNDECLARED_SELECTOR = YES;
				GCC_WARN_UNINITIALIZED_AUTOS = YES_AGGRESSIVE;
				GCC_WARN_UNUSED_FUNCTION = YES;
				GCC_WARN_UNUSED_VARIABLE = YES;
				IPHONEOS_DEPLOYMENT_TARGET = 16.2;
				MTL_ENABLE_DEBUG_INFO = NO;
				MTL_FAST_MATH = YES;
				SDKROOT = iphoneos;
				SWIFT_COMPILATION_MODE = wholemodule;
				SWIFT_OPTIMIZATION_LEVEL = "-O";
				VALIDATE_PRODUCT = YES;
			};
			name = Release;
		};
		C05CB0422BB06EC800A97166 /* Debug */ = {
			isa = XCBuildConfiguration;
			buildSettings = {
				ASSETCATALOG_COMPILER_APPICON_NAME = AppIcon;
				ASSETCATALOG_COMPILER_GLOBAL_ACCENT_COLOR_NAME = AccentColor;
				CODE_SIGN_STYLE = Automatic;
				CURRENT_PROJECT_VERSION = 1;
				DEVELOPMENT_TEAM = C6YBX2MCPS;
				GENERATE_INFOPLIST_FILE = YES;
				INFOPLIST_FILE = MocApp/Resources/Info.plist;
				INFOPLIST_KEY_UIApplicationSupportsIndirectInputEvents = YES;
				INFOPLIST_KEY_UILaunchStoryboardName = LaunchScreen;
				INFOPLIST_KEY_UISupportedInterfaceOrientations_iPad = "UIInterfaceOrientationPortrait UIInterfaceOrientationPortraitUpsideDown UIInterfaceOrientationLandscapeLeft UIInterfaceOrientationLandscapeRight";
				INFOPLIST_KEY_UISupportedInterfaceOrientations_iPhone = "UIInterfaceOrientationPortrait UIInterfaceOrientationLandscapeLeft UIInterfaceOrientationLandscapeRight";
				LD_RUNPATH_SEARCH_PATHS = (
					"$(inherited)",
					"@executable_path/Frameworks",
				);
				MARKETING_VERSION = 1.0;
				PRODUCT_BUNDLE_IDENTIFIER = com.MocApp;
				PRODUCT_NAME = "$(TARGET_NAME)";
				SWIFT_EMIT_LOC_STRINGS = YES;
				SWIFT_VERSION = 5.0;
				TARGETED_DEVICE_FAMILY = "1,2";
			};
			name = Debug;
		};
		C05CB0432BB06EC800A97166 /* Release */ = {
			isa = XCBuildConfiguration;
			buildSettings = {
				ASSETCATALOG_COMPILER_APPICON_NAME = AppIcon;
				ASSETCATALOG_COMPILER_GLOBAL_ACCENT_COLOR_NAME = AccentColor;
				CODE_SIGN_STYLE = Automatic;
				CURRENT_PROJECT_VERSION = 1;
				DEVELOPMENT_TEAM = C6YBX2MCPS;
				GENERATE_INFOPLIST_FILE = YES;
				INFOPLIST_FILE = MocApp/Resources/Info.plist;
				INFOPLIST_KEY_UIApplicationSupportsIndirectInputEvents = YES;
				INFOPLIST_KEY_UILaunchStoryboardName = LaunchScreen;
				INFOPLIST_KEY_UISupportedInterfaceOrientations_iPad = "UIInterfaceOrientationPortrait UIInterfaceOrientationPortraitUpsideDown UIInterfaceOrientationLandscapeLeft UIInterfaceOrientationLandscapeRight";
				INFOPLIST_KEY_UISupportedInterfaceOrientations_iPhone = "UIInterfaceOrientationPortrait UIInterfaceOrientationLandscapeLeft UIInterfaceOrientationLandscapeRight";
				LD_RUNPATH_SEARCH_PATHS = (
					"$(inherited)",
					"@executable_path/Frameworks",
				);
				MARKETING_VERSION = 1.0;
				PRODUCT_BUNDLE_IDENTIFIER = com.MocApp;
				PRODUCT_NAME = "$(TARGET_NAME)";
				SWIFT_EMIT_LOC_STRINGS = YES;
				SWIFT_VERSION = 5.0;
				TARGETED_DEVICE_FAMILY = "1,2";
			};
			name = Release;
		};
/* End XCBuildConfiguration section */

/* Begin XCConfigurationList section */
		C05CB0282BB06EC700A97166 /* Build configuration list for PBXProject "MocApp" */ = {
			isa = XCConfigurationList;
			buildConfigurations = (
				C05CB03F2BB06EC800A97166 /* Debug */,
				C05CB0402BB06EC800A97166 /* Release */,
			);
			defaultConfigurationIsVisible = 0;
			defaultConfigurationName = Release;
		};
		C05CB0412BB06EC800A97166 /* Build configuration list for PBXNativeTarget "MocApp" */ = {
			isa = XCConfigurationList;
			buildConfigurations = (
				C05CB0422BB06EC800A97166 /* Debug */,
				C05CB0432BB06EC800A97166 /* Release */,
			);
			defaultConfigurationIsVisible = 0;
			defaultConfigurationName = Release;
		};
/* End XCConfigurationList section */

/* Begin XCRemoteSwiftPackageReference section */
		C09C4E222BB7E65F002C7EEB /* XCRemoteSwiftPackageReference "SnapKit" */ = {
			isa = XCRemoteSwiftPackageReference;
			repositoryURL = "https://github.com/SnapKit/SnapKit.git";
			requirement = {
				kind = upToNextMajorVersion;
				minimumVersion = 5.0.0;
			};
		};
/* End XCRemoteSwiftPackageReference section */

/* Begin XCSwiftPackageProductDependency section */
		C09C4E232BB7E65F002C7EEB /* SnapKit */ = {
			isa = XCSwiftPackageProductDependency;
			package = C09C4E222BB7E65F002C7EEB /* XCRemoteSwiftPackageReference "SnapKit" */;
			productName = SnapKit;
		};
/* End XCSwiftPackageProductDependency section */
	};
	rootObject = C05CB0252BB06EC700A97166 /* Project object */;
}
